
Microsoft Visual Studio Solution File, Format Version 12.00
# Visual Studio Version 16
VisualStudioVersion = 16.0.30225.117
MinimumVisualStudioVersion = 10.0.40219.1
Project("{9A19103F-16F7-4668-BE54-9A1E7A4F7556}") = "HugoWarehouse", "HugoWarehouse\HugoWarehouse.csproj", "{46AE6DBF-5A98-4D76-958E-DF10B1B639E4}"
EndProject
Project("{00D1A9C2-B5F0-4AF3-8072-F6C62B433612}") = "HugosConnect", "HugosConnect\HugosConnect.sqlproj", "{41BADD14-5DA5-4FCD-8CC6-F4D32C2FE1FA}"
EndProject
Project("{2150E333-8FDC-42A3-9474-1A3956D46DE8}") = "Documentation", "Documentation", "{A6261CC9-30F6-4F82-8655-CE0D8A8182D8}"
	ProjectSection(SolutionItems) = preProject
		Rimainders.md = Rimainders.md
	EndProjectSection
EndProject
Global
	GlobalSection(SolutionConfigurationPlatforms) = preSolution
		Debug|Any CPU = Debug|Any CPU
		Release|Any CPU = Release|Any CPU
	EndGlobalSection
	GlobalSection(ProjectConfigurationPlatforms) = postSolution
		{46AE6DBF-5A98-4D76-958E-DF10B1B639E4}.Debug|Any CPU.ActiveCfg = Debug|Any CPU
		{46AE6DBF-5A98-4D76-958E-DF10B1B639E4}.Debug|Any CPU.Build.0 = Debug|Any CPU
		{46AE6DBF-5A98-4D76-958E-DF10B1B639E4}.Release|Any CPU.ActiveCfg = Release|Any CPU
		{46AE6DBF-5A98-4D76-958E-DF10B1B639E4}.Release|Any CPU.Build.0 = Release|Any CPU
		{41BADD14-5DA5-4FCD-8CC6-F4D32C2FE1FA}.Debug|Any CPU.ActiveCfg = Debug|Any CPU
		{41BADD14-5DA5-4FCD-8CC6-F4D32C2FE1FA}.Debug|Any CPU.Build.0 = Debug|Any CPU
		{41BADD14-5DA5-4FCD-8CC6-F4D32C2FE1FA}.Debug|Any CPU.Deploy.0 = Debug|Any CPU
		{41BADD14-5DA5-4FCD-8CC6-F4D32C2FE1FA}.Release|Any CPU.ActiveCfg = Release|Any CPU
		{41BADD14-5DA5-4FCD-8CC6-F4D32C2FE1FA}.Release|Any CPU.Build.0 = Release|Any CPU
		{41BADD14-5DA5-4FCD-8CC6-F4D32C2FE1FA}.Release|Any CPU.Deploy.0 = Release|Any CPU
	EndGlobalSection
	GlobalSection(SolutionProperties) = preSolution
		HideSolutionNode = FALSE
	EndGlobalSection
	GlobalSection(ExtensibilityGlobals) = postSolution
		SolutionGuid = {8E16EF38-3F5B-499B-BFDA-D206139BC2B0}
	EndGlobalSection
EndGlobal
